
Microsoft Visual Studio Solution File, Format Version 12.00
# Visual Studio Version 17
VisualStudioVersion = 17.3.32825.248
MinimumVisualStudioVersion = 10.0.40219.1
Project("{FAE04EC0-301F-11D3-BF4B-00C04F79EFBC}") = "auto_up", "auto_up\auto_up.csproj", "{FE115334-C289-4D0D-9BC9-5260271062C4}"
EndProject
Global
	GlobalSection(SolutionConfigurationPlatforms) = preSolution
		Debug|Any CPU = Debug|Any CPU
		Release|Any CPU = Release|Any CPU
	EndGlobalSection
	GlobalSection(ProjectConfigurationPlatforms) = postSolution
		{FE115334-C289-4D0D-9BC9-5260271062C4}.Debug|Any CPU.ActiveCfg = Debug|Any CPU
		{FE115334-C289-4D0D-9BC9-5260271062C4}.Debug|Any CPU.Build.0 = Debug|Any CPU
		{FE115334-C289-4D0D-9BC9-5260271062C4}.Release|Any CPU.ActiveCfg = Release|Any CPU
		{FE115334-C289-4D0D-9BC9-5260271062C4}.Release|Any CPU.Build.0 = Release|Any CPU
	EndGlobalSection
	GlobalSection(SolutionProperties) = preSolution
		HideSolutionNode = FALSE
	EndGlobalSection
	GlobalSection(ExtensibilityGlobals) = postSolution
		SolutionGuid = {DA414540-E7E8-4EEF-83C1-A0C640B2ECAA}
	EndGlobalSection
EndGlobal
